
Microsoft Visual Studio Solution File, Format Version 12.00
# Visual Studio Express 2013 for Windows Desktop
VisualStudioVersion = 12.0.21005.1
MinimumVisualStudioVersion = 10.0.40219.1
Project("{FAE04EC0-301F-11D3-BF4B-00C04F79EFBC}") = "01. ExchangeIfGreater", "01. ExchangeIfGreater\01. ExchangeIfGreater.csproj", "{A4CFBA61-6155-4EC7-8BEA-D81EF98CE346}"
EndProject
Project("{FAE04EC0-301F-11D3-BF4B-00C04F79EFBC}") = "02. BonusScore", "02. BonusScore\02. BonusScore.csproj", "{15A98EF3-ABA1-4CBC-A6C7-5F952F34260D}"
EndProject
Project("{FAE04EC0-301F-11D3-BF4B-00C04F79EFBC}") = "03. CheckAPlayCard", "03. CheckAPlayCard\03. CheckAPlayCard.csproj", "{D8E80689-97F0-411B-BD69-56F0CF584E22}"
EndProject
Project("{FAE04EC0-301F-11D3-BF4B-00C04F79EFBC}") = "04. MultiplicationSign", "04. MultiplicationSign\04. MultiplicationSign.csproj", "{09FB4B34-E37D-4DD1-BFCD-363C8C75F545}"
EndProject
Project("{FAE04EC0-301F-11D3-BF4B-00C04F79EFBC}") = "05. BiggestOfThreeNums", "05. BiggestOfThreeNums\05. BiggestOfThreeNums.csproj", "{9D95EE35-9D02-4990-85BC-884BE7D969F2}"
EndProject
Project("{FAE04EC0-301F-11D3-BF4B-00C04F79EFBC}") = "06. BiggestOfFiveNums", "06. BiggestOfFiveNums\06. BiggestOfFiveNums.csproj", "{709F3A45-D7C8-418B-8BEB-8A939820810B}"
EndProject
Project("{FAE04EC0-301F-11D3-BF4B-00C04F79EFBC}") = "07. SortThreeNumbers", "07. SortThreeNumbers\07. SortThreeNumbers.csproj", "{7669E46D-59DB-4104-8CAF-19FADFC55E4E}"
EndProject
Project("{FAE04EC0-301F-11D3-BF4B-00C04F79EFBC}") = "08. DigitAsWord", "08. DigitAsWord\08. DigitAsWord.csproj", "{E414B71C-EDA4-4557-9025-35B2AD4DA6A2}"
EndProject
Project("{FAE04EC0-301F-11D3-BF4B-00C04F79EFBC}") = "09. PlayWithIntDoubleString", "09. PlayWithIntDoubleString\09. PlayWithIntDoubleString.csproj", "{C3B419C3-C461-4C8E-B90B-A47CC480CDDD}"
EndProject
Project("{FAE04EC0-301F-11D3-BF4B-00C04F79EFBC}") = "10. BeerTime", "10. BeerTime\10. BeerTime.csproj", "{7CA8BDF1-80F6-473C-9AC0-0399AF5FBC7A}"
EndProject
Project("{FAE04EC0-301F-11D3-BF4B-00C04F79EFBC}") = "11. NumberAsWords", "11. NumberAsWords\11. NumberAsWords.csproj", "{4D78A605-0A4A-413E-8B37-E4F167AADEE7}"
EndProject
Project("{FAE04EC0-301F-11D3-BF4B-00C04F79EFBC}") = "12. ZeroSubset", "12. ZeroSubset\12. ZeroSubset.csproj", "{42154BEB-C80F-4C85-90AD-E3821B3E1DF4}"
EndProject
Global
	GlobalSection(SolutionConfigurationPlatforms) = preSolution
		Debug|Any CPU = Debug|Any CPU
		Release|Any CPU = Release|Any CPU
	EndGlobalSection
	GlobalSection(ProjectConfigurationPlatforms) = postSolution
		{A4CFBA61-6155-4EC7-8BEA-D81EF98CE346}.Debug|Any CPU.ActiveCfg = Debug|Any CPU
		{A4CFBA61-6155-4EC7-8BEA-D81EF98CE346}.Debug|Any CPU.Build.0 = Debug|Any CPU
		{A4CFBA61-6155-4EC7-8BEA-D81EF98CE346}.Release|Any CPU.ActiveCfg = Release|Any CPU
		{A4CFBA61-6155-4EC7-8BEA-D81EF98CE346}.Release|Any CPU.Build.0 = Release|Any CPU
		{15A98EF3-ABA1-4CBC-A6C7-5F952F34260D}.Debug|Any CPU.ActiveCfg = Debug|Any CPU
		{15A98EF3-ABA1-4CBC-A6C7-5F952F34260D}.Debug|Any CPU.Build.0 = Debug|Any CPU
		{15A98EF3-ABA1-4CBC-A6C7-5F952F34260D}.Release|Any CPU.ActiveCfg = Release|Any CPU
		{15A98EF3-ABA1-4CBC-A6C7-5F952F34260D}.Release|Any CPU.Build.0 = Release|Any CPU
		{D8E80689-97F0-411B-BD69-56F0CF584E22}.Debug|Any CPU.ActiveCfg = Debug|Any CPU
		{D8E80689-97F0-411B-BD69-56F0CF584E22}.Debug|Any CPU.Build.0 = Debug|Any CPU
		{D8E80689-97F0-411B-BD69-56F0CF584E22}.Release|Any CPU.ActiveCfg = Release|Any CPU
		{D8E80689-97F0-411B-BD69-56F0CF584E22}.Release|Any CPU.Build.0 = Release|Any CPU
		{09FB4B34-E37D-4DD1-BFCD-363C8C75F545}.Debug|Any CPU.ActiveCfg = Debug|Any CPU
		{09FB4B34-E37D-4DD1-BFCD-363C8C75F545}.Debug|Any CPU.Build.0 = Debug|Any CPU
		{09FB4B34-E37D-4DD1-BFCD-363C8C75F545}.Release|Any CPU.ActiveCfg = Release|Any CPU
		{09FB4B34-E37D-4DD1-BFCD-363C8C75F545}.Release|Any CPU.Build.0 = Release|Any CPU
		{9D95EE35-9D02-4990-85BC-884BE7D969F2}.Debug|Any CPU.ActiveCfg = Debug|Any CPU
		{9D95EE35-9D02-4990-85BC-884BE7D969F2}.Debug|Any CPU.Build.0 = Debug|Any CPU
		{9D95EE35-9D02-4990-85BC-884BE7D969F2}.Release|Any CPU.ActiveCfg = Release|Any CPU
		{9D95EE35-9D02-4990-85BC-884BE7D969F2}.Release|Any CPU.Build.0 = Release|Any CPU
		{709F3A45-D7C8-418B-8BEB-8A939820810B}.Debug|Any CPU.ActiveCfg = Debug|Any CPU
		{709F3A45-D7C8-418B-8BEB-8A939820810B}.Debug|Any CPU.Build.0 = Debug|Any CPU
		{709F3A45-D7C8-418B-8BEB-8A939820810B}.Release|Any CPU.ActiveCfg = Release|Any CPU
		{709F3A45-D7C8-418B-8BEB-8A939820810B}.Release|Any CPU.Build.0 = Release|Any CPU
		{7669E46D-59DB-4104-8CAF-19FADFC55E4E}.Debug|Any CPU.ActiveCfg = Debug|Any CPU
		{7669E46D-59DB-4104-8CAF-19FADFC55E4E}.Debug|Any CPU.Build.0 = Debug|Any CPU
		{7669E46D-59DB-4104-8CAF-19FADFC55E4E}.Release|Any CPU.ActiveCfg = Release|Any CPU
		{7669E46D-59DB-4104-8CAF-19FADFC55E4E}.Release|Any CPU.Build.0 = Release|Any CPU
		{E414B71C-EDA4-4557-9025-35B2AD4DA6A2}.Debug|Any CPU.ActiveCfg = Debug|Any CPU
		{E414B71C-EDA4-4557-9025-35B2AD4DA6A2}.Debug|Any CPU.Build.0 = Debug|Any CPU
		{E414B71C-EDA4-4557-9025-35B2AD4DA6A2}.Release|Any CPU.ActiveCfg = Release|Any CPU
		{E414B71C-EDA4-4557-9025-35B2AD4DA6A2}.Release|Any CPU.Build.0 = Release|Any CPU
		{C3B419C3-C461-4C8E-B90B-A47CC480CDDD}.Debug|Any CPU.ActiveCfg = Debug|Any CPU
		{C3B419C3-C461-4C8E-B90B-A47CC480CDDD}.Debug|Any CPU.Build.0 = Debug|Any CPU
		{C3B419C3-C461-4C8E-B90B-A47CC480CDDD}.Release|Any CPU.ActiveCfg = Release|Any CPU
		{C3B419C3-C461-4C8E-B90B-A47CC480CDDD}.Release|Any CPU.Build.0 = Release|Any CPU
		{7CA8BDF1-80F6-473C-9AC0-0399AF5FBC7A}.Debug|Any CPU.ActiveCfg = Debug|Any CPU
		{7CA8BDF1-80F6-473C-9AC0-0399AF5FBC7A}.Debug|Any CPU.Build.0 = Debug|Any CPU
		{7CA8BDF1-80F6-473C-9AC0-0399AF5FBC7A}.Release|Any CPU.ActiveCfg = Release|Any CPU
		{7CA8BDF1-80F6-473C-9AC0-0399AF5FBC7A}.Release|Any CPU.Build.0 = Release|Any CPU
		{4D78A605-0A4A-413E-8B37-E4F167AADEE7}.Debug|Any CPU.ActiveCfg = Debug|Any CPU
		{4D78A605-0A4A-413E-8B37-E4F167AADEE7}.Debug|Any CPU.Build.0 = Debug|Any CPU
		{4D78A605-0A4A-413E-8B37-E4F167AADEE7}.Release|Any CPU.ActiveCfg = Release|Any CPU
		{4D78A605-0A4A-413E-8B37-E4F167AADEE7}.Release|Any CPU.Build.0 = Release|Any CPU
		{42154BEB-C80F-4C85-90AD-E3821B3E1DF4}.Debug|Any CPU.ActiveCfg = Debug|Any CPU
		{42154BEB-C80F-4C85-90AD-E3821B3E1DF4}.Debug|Any CPU.Build.0 = Debug|Any CPU
		{42154BEB-C80F-4C85-90AD-E3821B3E1DF4}.Release|Any CPU.ActiveCfg = Release|Any CPU
		{42154BEB-C80F-4C85-90AD-E3821B3E1DF4}.Release|Any CPU.Build.0 = Release|Any CPU
	EndGlobalSection
	GlobalSection(SolutionProperties) = preSolution
		HideSolutionNode = FALSE
	EndGlobalSection
EndGlobal
